
Microsoft Visual Studio Solution File, Format Version 12.00
# Visual Studio 15
VisualStudioVersion = 15.0.28010.2046
MinimumVisualStudioVersion = 10.0.40219.1
Project("{FAE04EC0-301F-11D3-BF4B-00C04F79EFBC}") = "Projecto_ISI", "Projecto_ISI\Projecto_ISI.csproj", "{FD8F26CE-D4A0-4312-BEEE-3F3C7FCB0C3D}"
EndProject
Project("{FAE04EC0-301F-11D3-BF4B-00C04F79EFBC}") = "WebServiceProjecto_ISI", "WebServiceProjecto_ISI\WebServiceProjecto_ISI.csproj", "{57EAB7F8-CCBA-437A-9CB7-C712F1C2E9DA}"
EndProject
Global
	GlobalSection(SolutionConfigurationPlatforms) = preSolution
		Debug|Any CPU = Debug|Any CPU
		Release|Any CPU = Release|Any CPU
	EndGlobalSection
	GlobalSection(ProjectConfigurationPlatforms) = postSolution
		{FD8F26CE-D4A0-4312-BEEE-3F3C7FCB0C3D}.Debug|Any CPU.ActiveCfg = Debug|Any CPU
		{FD8F26CE-D4A0-4312-BEEE-3F3C7FCB0C3D}.Debug|Any CPU.Build.0 = Debug|Any CPU
		{FD8F26CE-D4A0-4312-BEEE-3F3C7FCB0C3D}.Release|Any CPU.ActiveCfg = Release|Any CPU
		{FD8F26CE-D4A0-4312-BEEE-3F3C7FCB0C3D}.Release|Any CPU.Build.0 = Release|Any CPU
		{57EAB7F8-CCBA-437A-9CB7-C712F1C2E9DA}.Debug|Any CPU.ActiveCfg = Debug|Any CPU
		{57EAB7F8-CCBA-437A-9CB7-C712F1C2E9DA}.Debug|Any CPU.Build.0 = Debug|Any CPU
		{57EAB7F8-CCBA-437A-9CB7-C712F1C2E9DA}.Release|Any CPU.ActiveCfg = Release|Any CPU
		{57EAB7F8-CCBA-437A-9CB7-C712F1C2E9DA}.Release|Any CPU.Build.0 = Release|Any CPU
	EndGlobalSection
	GlobalSection(SolutionProperties) = preSolution
		HideSolutionNode = FALSE
	EndGlobalSection
	GlobalSection(ExtensibilityGlobals) = postSolution
		SolutionGuid = {03E7EE2B-F473-4E1A-97C7-F233D5FD5F9C}
	EndGlobalSection
EndGlobal
